{
  "object": {
    "pins": [
      {
        "package": "CombineX",
        "repositoryURL": "https://github.com/cx-org/CombineX",
        "state": {
          "branch": "master",
          "revision": "37848665666ceace50e7383d2a45aa11ca5d317f",
          "version": null
        }
      },
      {
        "package": "CXCompatible",
        "repositoryURL": "https://github.com/cx-org/CXCompatible",
        "state": {
          "branch": "master",
          "revision": "4a0e2af8c0306c500c542e7e8450da0350dcd248",
          "version": null
        }
      },
      {
        "package": "CXFoundation",
        "repositoryURL": "https://github.com/cx-org/CXFoundation",
        "state": {
          "branch": "master",
          "revision": "3abea76ebf137ca1f672ffcfae9c17077008de20",
          "version": null
        }
      },
      {
        "package": "Nimble",
        "repositoryURL": "https://github.com/Quick/Nimble.git",
        "state": {
          "branch": null,
          "revision": "f8657642dfdec9973efc79cc68bcef43a653a2bc",
          "version": "8.0.2"
        }
      },
      {
        "package": "Quick",
        "repositoryURL": "https://github.com/Quick/Quick.git",
        "state": {
          "branch": null,
          "revision": "94df9b449508344667e5afc7e80f8bcbff1e4c37",
          "version": "2.1.0"
        }
      }
    ]
  },
  "version": 1
}
