// !$*UTF8*$!
{
   archiveVersion = "1";
   objectVersion = "46";
   objects = {
      "CXCompatible::CXCompatible" = {
         isa = "PBXNativeTarget";
         buildConfigurationList = "OBJ_207";
         buildPhases = (
            "OBJ_210",
            "OBJ_227"
         );
         dependencies = (
         );
         name = "CXCompatible";
         productName = "CXCompatible";
         productReference = "CXCompatible::CXCompatible::Product";
         productType = "com.apple.product-type.framework";
      };
      "CXCompatible::CXCompatible::Product" = {
         isa = "PBXFileReference";
         path = "CXCompatible.framework";
         sourceTree = "BUILT_PRODUCTS_DIR";
      };
      "CXCompatible::SwiftPMPackageDescription" = {
         isa = "PBXNativeTarget";
         buildConfigurationList = "OBJ_229";
         buildPhases = (
            "OBJ_232"
         );
         dependencies = (
         );
         name = "CXCompatiblePackageDescription";
         productName = "CXCompatiblePackageDescription";
         productType = "com.apple.product-type.framework";
      };
      "CXExtensions::CXExtensions" = {
         isa = "PBXNativeTarget";
         buildConfigurationList = "OBJ_235";
         buildPhases = (
            "OBJ_238",
            "OBJ_241"
         );
         dependencies = (
            "OBJ_245",
            "OBJ_247",
            "OBJ_249"
         );
         name = "CXExtensions";
         productName = "CXExtensions";
         productReference = "CXExtensions::CXExtensions::Product";
         productType = "com.apple.product-type.framework";
      };
      "CXExtensions::CXExtensions::Product" = {
         isa = "PBXFileReference";
         path = "CXExtensions.framework";
         sourceTree = "BUILT_PRODUCTS_DIR";
      };
      "CXExtensions::CXExtensionsPackageTests::ProductTarget" = {
         isa = "PBXAggregateTarget";
         buildConfigurationList = "OBJ_257";
         buildPhases = (
         );
         dependencies = (
            "OBJ_260"
         );
         name = "CXExtensionsPackageTests";
         productName = "CXExtensionsPackageTests";
      };
      "CXExtensions::CXExtensionsTests" = {
         isa = "PBXNativeTarget";
         buildConfigurationList = "OBJ_262";
         buildPhases = (
            "OBJ_265",
            "OBJ_268"
         );
         dependencies = (
            "OBJ_273",
            "OBJ_274",
            "OBJ_275",
            "OBJ_276"
         );
         name = "CXExtensionsTests";
         productName = "CXExtensionsTests";
         productReference = "CXExtensions::CXExtensionsTests::Product";
         productType = "com.apple.product-type.bundle.unit-test";
      };
      "CXExtensions::CXExtensionsTests::Product" = {
         isa = "PBXFileReference";
         path = "CXExtensionsTests.xctest";
         sourceTree = "BUILT_PRODUCTS_DIR";
      };
      "CXExtensions::SwiftPMPackageDescription" = {
         isa = "PBXNativeTarget";
         buildConfigurationList = "OBJ_251";
         buildPhases = (
            "OBJ_254"
         );
         dependencies = (
         );
         name = "CXExtensionsPackageDescription";
         productName = "CXExtensionsPackageDescription";
         productType = "com.apple.product-type.framework";
      };
      "CXFoundation::CXFoundation" = {
         isa = "PBXNativeTarget";
         buildConfigurationList = "OBJ_277";
         buildPhases = (
            "OBJ_280",
            "OBJ_296"
         );
         dependencies = (
            "OBJ_298"
         );
         name = "CXFoundation";
         productName = "CXFoundation";
         productReference = "CXFoundation::CXFoundation::Product";
         productType = "com.apple.product-type.framework";
      };
      "CXFoundation::CXFoundation::Product" = {
         isa = "PBXFileReference";
         path = "CXFoundation.framework";
         sourceTree = "BUILT_PRODUCTS_DIR";
      };
      "CXFoundation::SwiftPMPackageDescription" = {
         isa = "PBXNativeTarget";
         buildConfigurationList = "OBJ_300";
         buildPhases = (
            "OBJ_303"
         );
         dependencies = (
         );
         name = "CXFoundationPackageDescription";
         productName = "CXFoundationPackageDescription";
         productType = "com.apple.product-type.framework";
      };
      "CombineX::CombineX" = {
         isa = "PBXNativeTarget";
         buildConfigurationList = "OBJ_305";
         buildPhases = (
            "OBJ_308",
            "OBJ_436"
         );
         dependencies = (
         );
         name = "CombineX";
         productName = "CombineX";
         productReference = "CombineX::CombineX::Product";
         productType = "com.apple.product-type.framework";
      };
      "CombineX::CombineX::Product" = {
         isa = "PBXFileReference";
         path = "CombineX.framework";
         sourceTree = "BUILT_PRODUCTS_DIR";
      };
      "CombineX::SwiftPMPackageDescription" = {
         isa = "PBXNativeTarget";
         buildConfigurationList = "OBJ_438";
         buildPhases = (
            "OBJ_441"
         );
         dependencies = (
         );
         name = "CombineXPackageDescription";
         productName = "CombineXPackageDescription";
         productType = "com.apple.product-type.framework";
      };
      "OBJ_1" = {
         isa = "PBXProject";
         attributes = {
            LastSwiftMigration = "9999";
            LastUpgradeCheck = "9999";
         };
         buildConfigurationList = "OBJ_2";
         compatibilityVersion = "Xcode 3.2";
         developmentRegion = "English";
         hasScannedForEncodings = "0";
         knownRegions = (
            "en"
         );
         mainGroup = "OBJ_5";
         productRefGroup = "OBJ_197";
         projectDirPath = ".";
         targets = (
            "CXCompatible::CXCompatible",
            "CXCompatible::SwiftPMPackageDescription",
            "CXExtensions::CXExtensions",
            "CXExtensions::SwiftPMPackageDescription",
            "CXExtensions::CXExtensionsPackageTests::ProductTarget",
            "CXExtensions::CXExtensionsTests",
            "CXFoundation::CXFoundation",
            "CXFoundation::SwiftPMPackageDescription",
            "CombineX::CombineX",
            "CombineX::SwiftPMPackageDescription"
         );
      };
      "OBJ_10" = {
         isa = "PBXFileReference";
         path = "IgnoreError.swift";
         sourceTree = "<group>";
      };
      "OBJ_100" = {
         isa = "PBXFileReference";
         path = "TryCombineLatest+.swift";
         sourceTree = "<group>";
      };
      "OBJ_101" = {
         isa = "PBXFileReference";
         path = "TryComparison.swift";
         sourceTree = "<group>";
      };
      "OBJ_102" = {
         isa = "PBXFileReference";
         path = "TryContainsWhere.swift";
         sourceTree = "<group>";
      };
      "OBJ_103" = {
         isa = "PBXFileReference";
         path = "TryFilter.swift";
         sourceTree = "<group>";
      };
      "OBJ_104" = {
         isa = "PBXFileReference";
         path = "TryFirstWhere.swift";
         sourceTree = "<group>";
      };
      "OBJ_105" = {
         isa = "PBXFileReference";
         path = "TryLastWhere.swift";
         sourceTree = "<group>";
      };
      "OBJ_106" = {
         isa = "PBXFileReference";
         path = "TryMap.swift";
         sourceTree = "<group>";
      };
      "OBJ_107" = {
         isa = "PBXFileReference";
         path = "Zip+.swift";
         sourceTree = "<group>";
      };
      "OBJ_108" = {
         isa = "PBXFileReference";
         path = "Concatenate.swift";
         sourceTree = "<group>";
      };
      "OBJ_109" = {
         isa = "PBXFileReference";
         path = "Deferred.swift";
         sourceTree = "<group>";
      };
      "OBJ_11" = {
         isa = "PBXGroup";
         children = (
            "OBJ_12"
         );
         name = "Tests";
         path = "";
         sourceTree = "SOURCE_ROOT";
      };
      "OBJ_110" = {
         isa = "PBXFileReference";
         path = "Delay.swift";
         sourceTree = "<group>";
      };
      "OBJ_111" = {
         isa = "PBXFileReference";
         path = "DropUntilOutput.swift";
         sourceTree = "<group>";
      };
      "OBJ_112" = {
         isa = "PBXFileReference";
         path = "Empty.swift";
         sourceTree = "<group>";
      };
      "OBJ_113" = {
         isa = "PBXFileReference";
         path = "Fail.swift";
         sourceTree = "<group>";
      };
      "OBJ_114" = {
         isa = "PBXFileReference";
         path = "FlatMap.swift";
         sourceTree = "<group>";
      };
      "OBJ_115" = {
         isa = "PBXFileReference";
         path = "Just.swift";
         sourceTree = "<group>";
      };
      "OBJ_116" = {
         isa = "PBXFileReference";
         path = "MapError.swift";
         sourceTree = "<group>";
      };
      "OBJ_117" = {
         isa = "PBXFileReference";
         path = "MeasureInterval.swift";
         sourceTree = "<group>";
      };
      "OBJ_118" = {
         isa = "PBXFileReference";
         path = "Merge.swift";
         sourceTree = "<group>";
      };
      "OBJ_119" = {
         isa = "PBXFileReference";
         path = "Optional.Publisher.swift";
         sourceTree = "<group>";
      };
      "OBJ_12" = {
         isa = "PBXGroup";
         children = (
            "OBJ_13",
            "OBJ_14"
         );
         name = "CXExtensionsTests";
         path = "Tests/CXExtensionsTests";
         sourceTree = "SOURCE_ROOT";
      };
      "OBJ_120" = {
         isa = "PBXFileReference";
         path = "Output.swift";
         sourceTree = "<group>";
      };
      "OBJ_121" = {
         isa = "PBXFileReference";
         path = "PrefixUntilOutput.swift";
         sourceTree = "<group>";
      };
      "OBJ_122" = {
         isa = "PBXFileReference";
         path = "Print.swift";
         sourceTree = "<group>";
      };
      "OBJ_123" = {
         isa = "PBXFileReference";
         path = "Publishers.swift";
         sourceTree = "<group>";
      };
      "OBJ_124" = {
         isa = "PBXFileReference";
         path = "ReceiveOn.swift";
         sourceTree = "<group>";
      };
      "OBJ_125" = {
         isa = "PBXFileReference";
         path = "Record.swift";
         sourceTree = "<group>";
      };
      "OBJ_126" = {
         isa = "PBXFileReference";
         path = "ReplaceEmpty.swift";
         sourceTree = "<group>";
      };
      "OBJ_127" = {
         isa = "PBXFileReference";
         path = "ReplaceError.swift";
         sourceTree = "<group>";
      };
      "OBJ_128" = {
         isa = "PBXFileReference";
         path = "Result.Publisher.swift";
         sourceTree = "<group>";
      };
      "OBJ_129" = {
         isa = "PBXFileReference";
         path = "Sequence.swift";
         sourceTree = "<group>";
      };
      "OBJ_13" = {
         isa = "PBXFileReference";
         path = "CXExtensionsTests.swift";
         sourceTree = "<group>";
      };
      "OBJ_130" = {
         isa = "PBXFileReference";
         path = "SetFailureType.swift";
         sourceTree = "<group>";
      };
      "OBJ_131" = {
         isa = "PBXFileReference";
         path = "SubscribeOn.swift";
         sourceTree = "<group>";
      };
      "OBJ_132" = {
         isa = "PBXFileReference";
         path = "TryAllSatisfy.swift";
         sourceTree = "<group>";
      };
      "OBJ_133" = {
         isa = "PBXFileReference";
         path = "TryCatch.swift";
         sourceTree = "<group>";
      };
      "OBJ_134" = {
         isa = "PBXFileReference";
         path = "TryCombineLatest.swift";
         sourceTree = "<group>";
      };
      "OBJ_135" = {
         isa = "PBXFileReference";
         path = "TryCompactMap.swift";
         sourceTree = "<group>";
      };
      "OBJ_136" = {
         isa = "PBXFileReference";
         path = "TryDropWhile.swift";
         sourceTree = "<group>";
      };
      "OBJ_137" = {
         isa = "PBXFileReference";
         path = "TryPrefixWhile.swift";
         sourceTree = "<group>";
      };
      "OBJ_138" = {
         isa = "PBXFileReference";
         path = "TryReduce.swift";
         sourceTree = "<group>";
      };
      "OBJ_139" = {
         isa = "PBXFileReference";
         path = "TryRemoveDuplicates.swift";
         sourceTree = "<group>";
      };
      "OBJ_14" = {
         isa = "PBXFileReference";
         path = "XCTestManifests.swift";
         sourceTree = "<group>";
      };
      "OBJ_140" = {
         isa = "PBXFileReference";
         path = "TryScan.swift";
         sourceTree = "<group>";
      };
      "OBJ_141" = {
         isa = "PBXFileReference";
         path = "Zip.swift";
         sourceTree = "<group>";
      };
      "OBJ_142" = {
         isa = "PBXFileReference";
         path = "__Publisher.swift";
         sourceTree = "<group>";
      };
      "OBJ_143" = {
         isa = "PBXGroup";
         children = (
            "OBJ_144",
            "OBJ_145",
            "OBJ_146",
            "OBJ_147",
            "OBJ_148",
            "OBJ_149",
            "OBJ_150",
            "OBJ_151",
            "OBJ_152",
            "OBJ_153",
            "OBJ_154",
            "OBJ_155",
            "OBJ_156",
            "OBJ_157"
         );
         name = "C";
         path = "C";
         sourceTree = "<group>";
      };
      "OBJ_144" = {
         isa = "PBXFileReference";
         path = "Autoconnect.swift";
         sourceTree = "<group>";
      };
      "OBJ_145" = {
         isa = "PBXFileReference";
         path = "BreakPoint.swift";
         sourceTree = "<group>";
      };
      "OBJ_146" = {
         isa = "PBXFileReference";
         path = "Buffer.swift";
         sourceTree = "<group>";
      };
      "OBJ_147" = {
         isa = "PBXFileReference";
         path = "CollectByTime.swift";
         sourceTree = "<group>";
      };
      "OBJ_148" = {
         isa = "PBXFileReference";
         path = "CombineLatest.swift";
         sourceTree = "<group>";
      };
      "OBJ_149" = {
         isa = "PBXFileReference";
         path = "Debounce.swift";
         sourceTree = "<group>";
      };
      "OBJ_15" = {
         isa = "PBXGroup";
         children = (
            "OBJ_16",
            "OBJ_36",
            "OBJ_177"
         );
         name = "Dependencies";
         path = "";
         sourceTree = "<group>";
      };
      "OBJ_150" = {
         isa = "PBXFileReference";
         path = "Future.swift";
         sourceTree = "<group>";
      };
      "OBJ_151" = {
         isa = "PBXFileReference";
         path = "HandleEvents.swift";
         sourceTree = "<group>";
      };
      "OBJ_152" = {
         isa = "PBXFileReference";
         path = "MakeConnectable.swift";
         sourceTree = "<group>";
      };
      "OBJ_153" = {
         isa = "PBXFileReference";
         path = "Multicast.swift";
         sourceTree = "<group>";
      };
      "OBJ_154" = {
         isa = "PBXFileReference";
         path = "Share.swift";
         sourceTree = "<group>";
      };
      "OBJ_155" = {
         isa = "PBXFileReference";
         path = "SwitchToLatest.swift";
         sourceTree = "<group>";
      };
      "OBJ_156" = {
         isa = "PBXFileReference";
         path = "Throttle.swift";
         sourceTree = "<group>";
      };
      "OBJ_157" = {
         isa = "PBXFileReference";
         path = "Timeout.swift";
         sourceTree = "<group>";
      };
      "OBJ_158" = {
         isa = "PBXFileReference";
         path = "Scheduler.swift";
         sourceTree = "<group>";
      };
      "OBJ_159" = {
         isa = "PBXFileReference";
         path = "SchedulerTimeIntervalConvertible.swift";
         sourceTree = "<group>";
      };
      "OBJ_16" = {
         isa = "PBXGroup";
         children = (
            "OBJ_17",
            "OBJ_35"
         );
         name = "CXFoundation";
         path = "";
         sourceTree = "SOURCE_ROOT";
      };
      "OBJ_160" = {
         isa = "PBXGroup";
         children = (
            "OBJ_161"
         );
         name = "Schedulers";
         path = "Schedulers";
         sourceTree = "<group>";
      };
      "OBJ_161" = {
         isa = "PBXFileReference";
         path = "ImmediateScheduler.swift";
         sourceTree = "<group>";
      };
      "OBJ_162" = {
         isa = "PBXFileReference";
         path = "Subject.swift";
         sourceTree = "<group>";
      };
      "OBJ_163" = {
         isa = "PBXGroup";
         children = (
            "OBJ_164",
            "OBJ_165"
         );
         name = "Subjects";
         path = "Subjects";
         sourceTree = "<group>";
      };
      "OBJ_164" = {
         isa = "PBXFileReference";
         path = "CurrentValueSubject.swift";
         sourceTree = "<group>";
      };
      "OBJ_165" = {
         isa = "PBXFileReference";
         path = "PassthroughSubject.swift";
         sourceTree = "<group>";
      };
      "OBJ_166" = {
         isa = "PBXFileReference";
         path = "Subscriber.swift";
         sourceTree = "<group>";
      };
      "OBJ_167" = {
         isa = "PBXGroup";
         children = (
            "OBJ_168",
            "OBJ_169",
            "OBJ_170",
            "OBJ_171"
         );
         name = "Subscribers";
         path = "Subscribers";
         sourceTree = "<group>";
      };
      "OBJ_168" = {
         isa = "PBXFileReference";
         path = "Assign.swift";
         sourceTree = "<group>";
      };
      "OBJ_169" = {
         isa = "PBXFileReference";
         path = "Demand.swift";
         sourceTree = "<group>";
      };
      "OBJ_17" = {
         isa = "PBXGroup";
         children = (
            "OBJ_18",
            "OBJ_19",
            "OBJ_20",
            "OBJ_25",
            "OBJ_26",
            "OBJ_27",
            "OBJ_28",
            "OBJ_29",
            "OBJ_30",
            "OBJ_31",
            "OBJ_32",
            "OBJ_33",
            "OBJ_34"
         );
         name = "CXFoundation";
         path = ".build/checkouts/CXFoundation/Sources/CXFoundation";
         sourceTree = "SOURCE_ROOT";
      };
      "OBJ_170" = {
         isa = "PBXFileReference";
         path = "Sink.swift";
         sourceTree = "<group>";
      };
      "OBJ_171" = {
         isa = "PBXFileReference";
         path = "Subscribers.swift";
         sourceTree = "<group>";
      };
      "OBJ_172" = {
         isa = "PBXFileReference";
         path = "Subscription.swift";
         sourceTree = "<group>";
      };
      "OBJ_173" = {
         isa = "PBXGroup";
         children = (
            "OBJ_174",
            "OBJ_175"
         );
         name = "Subscriptions";
         path = "Subscriptions";
         sourceTree = "<group>";
      };
      "OBJ_174" = {
         isa = "PBXFileReference";
         path = "Subscriptions.swift";
         sourceTree = "<group>";
      };
      "OBJ_175" = {
         isa = "PBXFileReference";
         path = "empty.swift";
         sourceTree = "<group>";
      };
      "OBJ_176" = {
         isa = "PBXFileReference";
         explicitFileType = "sourcecode.swift";
         name = "Package.swift";
         path = "/Users/quentinmed/Documents/Codes/CXExtensions/.build/checkouts/CombineX/Package.swift";
         sourceTree = "<group>";
      };
      "OBJ_177" = {
         isa = "PBXGroup";
         children = (
            "OBJ_178",
            "OBJ_196"
         );
         name = "CXCompatible";
         path = "";
         sourceTree = "SOURCE_ROOT";
      };
      "OBJ_178" = {
         isa = "PBXGroup";
         children = (
            "OBJ_179",
            "OBJ_180",
            "OBJ_181",
            "OBJ_193",
            "OBJ_194",
            "OBJ_195"
         );
         name = "CXCompatible";
         path = ".build/checkouts/CXCompatible/Sources/CXCompatible";
         sourceTree = "SOURCE_ROOT";
      };
      "OBJ_179" = {
         isa = "PBXFileReference";
         path = "@_exported.swift";
         sourceTree = "<group>";
      };
      "OBJ_18" = {
         isa = "PBXFileReference";
         path = "@_exported.swift";
         sourceTree = "<group>";
      };
      "OBJ_180" = {
         isa = "PBXFileReference";
         path = "CombineXCompatible.swift";
         sourceTree = "<group>";
      };
      "OBJ_181" = {
         isa = "PBXGroup";
         children = (
            "OBJ_182",
            "OBJ_183",
            "OBJ_184",
            "OBJ_185",
            "OBJ_186",
            "OBJ_187",
            "OBJ_188",
            "OBJ_189",
            "OBJ_190",
            "OBJ_191",
            "OBJ_192"
         );
         name = "Foundation";
         path = "Foundation";
         sourceTree = "<group>";
      };
      "OBJ_182" = {
         isa = "PBXFileReference";
         path = "DispatchQueue.swift";
         sourceTree = "<group>";
      };
      "OBJ_183" = {
         isa = "PBXFileReference";
         path = "JSONDecoder.swift";
         sourceTree = "<group>";
      };
      "OBJ_184" = {
         isa = "PBXFileReference";
         path = "JSONEncoder.swift";
         sourceTree = "<group>";
      };
      "OBJ_185" = {
         isa = "PBXFileReference";
         path = "NSObject.swift";
         sourceTree = "<group>";
      };
      "OBJ_186" = {
         isa = "PBXFileReference";
         path = "NotificationCenter.swift";
         sourceTree = "<group>";
      };
      "OBJ_187" = {
         isa = "PBXFileReference";
         path = "OperationQueue.swift";
         sourceTree = "<group>";
      };
      "OBJ_188" = {
         isa = "PBXFileReference";
         path = "PropertyListDecoder.swift";
         sourceTree = "<group>";
      };
      "OBJ_189" = {
         isa = "PBXFileReference";
         path = "PropertyListEncoder.swift";
         sourceTree = "<group>";
      };
      "OBJ_19" = {
         isa = "PBXFileReference";
         path = "DispatchQueue.swift";
         sourceTree = "<group>";
      };
      "OBJ_190" = {
         isa = "PBXFileReference";
         path = "RunLoop.swift";
         sourceTree = "<group>";
      };
      "OBJ_191" = {
         isa = "PBXFileReference";
         path = "Timer.swift";
         sourceTree = "<group>";
      };
      "OBJ_192" = {
         isa = "PBXFileReference";
         path = "URLSession.swift";
         sourceTree = "<group>";
      };
      "OBJ_193" = {
         isa = "PBXFileReference";
         path = "Optional.swift";
         sourceTree = "<group>";
      };
      "OBJ_194" = {
         isa = "PBXFileReference";
         path = "Result.swift";
         sourceTree = "<group>";
      };
      "OBJ_195" = {
         isa = "PBXFileReference";
         path = "Sequence.swift";
         sourceTree = "<group>";
      };
      "OBJ_196" = {
         isa = "PBXFileReference";
         explicitFileType = "sourcecode.swift";
         name = "Package.swift";
         path = "/Users/quentinmed/Documents/Codes/CXExtensions/.build/checkouts/CXCompatible/Package.swift";
         sourceTree = "<group>";
      };
      "OBJ_197" = {
         isa = "PBXGroup";
         children = (
            "CombineX::CombineX::Product",
            "CXCompatible::CXCompatible::Product",
            "CXExtensions::CXExtensions::Product",
            "CXExtensions::CXExtensionsTests::Product",
            "CXFoundation::CXFoundation::Product"
         );
         name = "Products";
         path = "";
         sourceTree = "BUILT_PRODUCTS_DIR";
      };
      "OBJ_2" = {
         isa = "XCConfigurationList";
         buildConfigurations = (
            "OBJ_3",
            "OBJ_4"
         );
         defaultConfigurationIsVisible = "0";
         defaultConfigurationName = "Release";
      };
      "OBJ_20" = {
         isa = "PBXGroup";
         children = (
            "OBJ_21",
            "OBJ_22",
            "OBJ_24"
         );
         name = "Internal";
         path = "Internal";
         sourceTree = "<group>";
      };
      "OBJ_203" = {
         isa = "PBXFileReference";
         path = "LICENSE";
         sourceTree = "<group>";
      };
      "OBJ_204" = {
         isa = "PBXFileReference";
         path = "README.md";
         sourceTree = "<group>";
      };
      "OBJ_205" = {
         isa = "PBXFileReference";
         path = "CXExtensions.podspec";
         sourceTree = "<group>";
      };
      "OBJ_207" = {
         isa = "XCConfigurationList";
         buildConfigurations = (
            "OBJ_208",
            "OBJ_209"
         );
         defaultConfigurationIsVisible = "0";
         defaultConfigurationName = "Release";
      };
      "OBJ_208" = {
         isa = "XCBuildConfiguration";
         buildSettings = {
            ENABLE_TESTABILITY = "YES";
            FRAMEWORK_SEARCH_PATHS = (
               "$(inherited)",
               "$(PLATFORM_DIR)/Developer/Library/Frameworks"
            );
            HEADER_SEARCH_PATHS = (
               "$(inherited)"
            );
            INFOPLIST_FILE = "CXExtensions.xcodeproj/CXCompatible_Info.plist";
            IPHONEOS_DEPLOYMENT_TARGET = "8.0";
            LD_RUNPATH_SEARCH_PATHS = (
               "$(inherited)",
               "$(TOOLCHAIN_DIR)/usr/lib/swift/macosx"
            );
            MACOSX_DEPLOYMENT_TARGET = "10.10";
            OTHER_CFLAGS = (
               "$(inherited)"
            );
            OTHER_LDFLAGS = (
               "$(inherited)"
            );
            OTHER_SWIFT_FLAGS = (
               "$(inherited)"
            );
            PRODUCT_BUNDLE_IDENTIFIER = "CXCompatible";
            PRODUCT_MODULE_NAME = "$(TARGET_NAME:c99extidentifier)";
            PRODUCT_NAME = "$(TARGET_NAME:c99extidentifier)";
            SKIP_INSTALL = "YES";
            SWIFT_ACTIVE_COMPILATION_CONDITIONS = (
               "$(inherited)"
            );
            SWIFT_VERSION = "5.0";
            TARGET_NAME = "CXCompatible";
            TVOS_DEPLOYMENT_TARGET = "9.0";
            WATCHOS_DEPLOYMENT_TARGET = "2.0";
         };
         name = "Debug";
      };
      "OBJ_209" = {
         isa = "XCBuildConfiguration";
         buildSettings = {
            ENABLE_TESTABILITY = "YES";
            FRAMEWORK_SEARCH_PATHS = (
               "$(inherited)",
               "$(PLATFORM_DIR)/Developer/Library/Frameworks"
            );
            HEADER_SEARCH_PATHS = (
               "$(inherited)"
            );
            INFOPLIST_FILE = "CXExtensions.xcodeproj/CXCompatible_Info.plist";
            IPHONEOS_DEPLOYMENT_TARGET = "8.0";
            LD_RUNPATH_SEARCH_PATHS = (
               "$(inherited)",
               "$(TOOLCHAIN_DIR)/usr/lib/swift/macosx"
            );
            MACOSX_DEPLOYMENT_TARGET = "10.10";
            OTHER_CFLAGS = (
               "$(inherited)"
            );
            OTHER_LDFLAGS = (
               "$(inherited)"
            );
            OTHER_SWIFT_FLAGS = (
               "$(inherited)"
            );
            PRODUCT_BUNDLE_IDENTIFIER = "CXCompatible";
            PRODUCT_MODULE_NAME = "$(TARGET_NAME:c99extidentifier)";
            PRODUCT_NAME = "$(TARGET_NAME:c99extidentifier)";
            SKIP_INSTALL = "YES";
            SWIFT_ACTIVE_COMPILATION_CONDITIONS = (
               "$(inherited)"
            );
            SWIFT_VERSION = "5.0";
            TARGET_NAME = "CXCompatible";
            TVOS_DEPLOYMENT_TARGET = "9.0";
            WATCHOS_DEPLOYMENT_TARGET = "2.0";
         };
         name = "Release";
      };
      "OBJ_21" = {
         isa = "PBXFileReference";
         path = "Const.swift";
         sourceTree = "<group>";
      };
      "OBJ_210" = {
         isa = "PBXSourcesBuildPhase";
         files = (
            "OBJ_211",
            "OBJ_212",
            "OBJ_213",
            "OBJ_214",
            "OBJ_215",
            "OBJ_216",
            "OBJ_217",
            "OBJ_218",
            "OBJ_219",
            "OBJ_220",
            "OBJ_221",
            "OBJ_222",
            "OBJ_223",
            "OBJ_224",
            "OBJ_225",
            "OBJ_226"
         );
      };
      "OBJ_211" = {
         isa = "PBXBuildFile";
         fileRef = "OBJ_179";
      };
      "OBJ_212" = {
         isa = "PBXBuildFile";
         fileRef = "OBJ_180";
      };
      "OBJ_213" = {
         isa = "PBXBuildFile";
         fileRef = "OBJ_182";
      };
      "OBJ_214" = {
         isa = "PBXBuildFile";
         fileRef = "OBJ_183";
      };
      "OBJ_215" = {
         isa = "PBXBuildFile";
         fileRef = "OBJ_184";
      };
      "OBJ_216" = {
         isa = "PBXBuildFile";
         fileRef = "OBJ_185";
      };
      "OBJ_217" = {
         isa = "PBXBuildFile";
         fileRef = "OBJ_186";
      };
      "OBJ_218" = {
         isa = "PBXBuildFile";
         fileRef = "OBJ_187";
      };
      "OBJ_219" = {
         isa = "PBXBuildFile";
         fileRef = "OBJ_188";
      };
      "OBJ_22" = {
         isa = "PBXGroup";
         children = (
            "OBJ_23"
         );
         name = "Extensions";
         path = "Extensions";
         sourceTree = "<group>";
      };
      "OBJ_220" = {
         isa = "PBXBuildFile";
         fileRef = "OBJ_189";
      };
      "OBJ_221" = {
         isa = "PBXBuildFile";
         fileRef = "OBJ_190";
      };
      "OBJ_222" = {
         isa = "PBXBuildFile";
         fileRef = "OBJ_191";
      };
      "OBJ_223" = {
         isa = "PBXBuildFile";
         fileRef = "OBJ_192";
      };
      "OBJ_224" = {
         isa = "PBXBuildFile";
         fileRef = "OBJ_193";
      };
      "OBJ_225" = {
         isa = "PBXBuildFile";
         fileRef = "OBJ_194";
      };
      "OBJ_226" = {
         isa = "PBXBuildFile";
         fileRef = "OBJ_195";
      };
      "OBJ_227" = {
         isa = "PBXFrameworksBuildPhase";
         files = (
         );
      };
      "OBJ_229" = {
         isa = "XCConfigurationList";
         buildConfigurations = (
            "OBJ_230",
            "OBJ_231"
         );
         defaultConfigurationIsVisible = "0";
         defaultConfigurationName = "Release";
      };
      "OBJ_23" = {
         isa = "PBXFileReference";
         path = "Double.swift";
         sourceTree = "<group>";
      };
      "OBJ_230" = {
         isa = "XCBuildConfiguration";
         buildSettings = {
            LD = "/usr/bin/true";
            OTHER_SWIFT_FLAGS = (
               "-swift-version",
               "5",
               "-I",
               "$(TOOLCHAIN_DIR)/usr/lib/swift/pm/4_2",
               "-target",
               "x86_64-apple-macosx10.10",
               "-sdk",
               "/Applications/Xcode.app/Contents/Developer/Platforms/MacOSX.platform/Developer/SDKs/MacOSX10.14.sdk"
            );
            SWIFT_VERSION = "5.0";
         };
         name = "Debug";
      };
      "OBJ_231" = {
         isa = "XCBuildConfiguration";
         buildSettings = {
            LD = "/usr/bin/true";
            OTHER_SWIFT_FLAGS = (
               "-swift-version",
               "5",
               "-I",
               "$(TOOLCHAIN_DIR)/usr/lib/swift/pm/4_2",
               "-target",
               "x86_64-apple-macosx10.10",
               "-sdk",
               "/Applications/Xcode.app/Contents/Developer/Platforms/MacOSX.platform/Developer/SDKs/MacOSX10.14.sdk"
            );
            SWIFT_VERSION = "5.0";
         };
         name = "Release";
      };
      "OBJ_232" = {
         isa = "PBXSourcesBuildPhase";
         files = (
            "OBJ_233"
         );
      };
      "OBJ_233" = {
         isa = "PBXBuildFile";
         fileRef = "OBJ_196";
      };
      "OBJ_235" = {
         isa = "XCConfigurationList";
         buildConfigurations = (
            "OBJ_236",
            "OBJ_237"
         );
         defaultConfigurationIsVisible = "0";
         defaultConfigurationName = "Release";
      };
      "OBJ_236" = {
         isa = "XCBuildConfiguration";
         buildSettings = {
            ENABLE_TESTABILITY = "YES";
            FRAMEWORK_SEARCH_PATHS = (
               "$(inherited)",
               "$(PLATFORM_DIR)/Developer/Library/Frameworks"
            );
            HEADER_SEARCH_PATHS = (
               "$(inherited)"
            );
            INFOPLIST_FILE = "CXExtensions.xcodeproj/CXExtensions_Info.plist";
            IPHONEOS_DEPLOYMENT_TARGET = "8.0";
            LD_RUNPATH_SEARCH_PATHS = (
               "$(inherited)",
               "$(TOOLCHAIN_DIR)/usr/lib/swift/macosx"
            );
            MACOSX_DEPLOYMENT_TARGET = "10.10";
            OTHER_CFLAGS = (
               "$(inherited)"
            );
            OTHER_LDFLAGS = (
               "$(inherited)"
            );
            OTHER_SWIFT_FLAGS = (
               "$(inherited)"
            );
            PRODUCT_BUNDLE_IDENTIFIER = "CXExtensions";
            PRODUCT_MODULE_NAME = "$(TARGET_NAME:c99extidentifier)";
            PRODUCT_NAME = "$(TARGET_NAME:c99extidentifier)";
            SKIP_INSTALL = "YES";
            SWIFT_ACTIVE_COMPILATION_CONDITIONS = (
               "$(inherited)"
            );
            SWIFT_VERSION = "5.0";
            TARGET_NAME = "CXExtensions";
            TVOS_DEPLOYMENT_TARGET = "9.0";
            WATCHOS_DEPLOYMENT_TARGET = "2.0";
         };
         name = "Debug";
      };
      "OBJ_237" = {
         isa = "XCBuildConfiguration";
         buildSettings = {
            ENABLE_TESTABILITY = "YES";
            FRAMEWORK_SEARCH_PATHS = (
               "$(inherited)",
               "$(PLATFORM_DIR)/Developer/Library/Frameworks"
            );
            HEADER_SEARCH_PATHS = (
               "$(inherited)"
            );
            INFOPLIST_FILE = "CXExtensions.xcodeproj/CXExtensions_Info.plist";
            IPHONEOS_DEPLOYMENT_TARGET = "8.0";
            LD_RUNPATH_SEARCH_PATHS = (
               "$(inherited)",
               "$(TOOLCHAIN_DIR)/usr/lib/swift/macosx"
            );
            MACOSX_DEPLOYMENT_TARGET = "10.10";
            OTHER_CFLAGS = (
               "$(inherited)"
            );
            OTHER_LDFLAGS = (
               "$(inherited)"
            );
            OTHER_SWIFT_FLAGS = (
               "$(inherited)"
            );
            PRODUCT_BUNDLE_IDENTIFIER = "CXExtensions";
            PRODUCT_MODULE_NAME = "$(TARGET_NAME:c99extidentifier)";
            PRODUCT_NAME = "$(TARGET_NAME:c99extidentifier)";
            SKIP_INSTALL = "YES";
            SWIFT_ACTIVE_COMPILATION_CONDITIONS = (
               "$(inherited)"
            );
            SWIFT_VERSION = "5.0";
            TARGET_NAME = "CXExtensions";
            TVOS_DEPLOYMENT_TARGET = "9.0";
            WATCHOS_DEPLOYMENT_TARGET = "2.0";
         };
         name = "Release";
      };
      "OBJ_238" = {
         isa = "PBXSourcesBuildPhase";
         files = (
            "OBJ_239",
            "OBJ_240"
         );
      };
      "OBJ_239" = {
         isa = "PBXBuildFile";
         fileRef = "OBJ_9";
      };
      "OBJ_24" = {
         isa = "PBXFileReference";
         path = "Polyfill.swift";
         sourceTree = "<group>";
      };
      "OBJ_240" = {
         isa = "PBXBuildFile";
         fileRef = "OBJ_10";
      };
      "OBJ_241" = {
         isa = "PBXFrameworksBuildPhase";
         files = (
            "OBJ_242",
            "OBJ_243",
            "OBJ_244"
         );
      };
      "OBJ_242" = {
         isa = "PBXBuildFile";
         fileRef = "CXFoundation::CXFoundation::Product";
      };
      "OBJ_243" = {
         isa = "PBXBuildFile";
         fileRef = "CombineX::CombineX::Product";
      };
      "OBJ_244" = {
         isa = "PBXBuildFile";
         fileRef = "CXCompatible::CXCompatible::Product";
      };
      "OBJ_245" = {
         isa = "PBXTargetDependency";
         target = "CXFoundation::CXFoundation";
      };
      "OBJ_247" = {
         isa = "PBXTargetDependency";
         target = "CombineX::CombineX";
      };
      "OBJ_249" = {
         isa = "PBXTargetDependency";
         target = "CXCompatible::CXCompatible";
      };
      "OBJ_25" = {
         isa = "PBXFileReference";
         path = "JSONDecoder.swift";
         sourceTree = "<group>";
      };
      "OBJ_251" = {
         isa = "XCConfigurationList";
         buildConfigurations = (
            "OBJ_252",
            "OBJ_253"
         );
         defaultConfigurationIsVisible = "0";
         defaultConfigurationName = "Release";
      };
      "OBJ_252" = {
         isa = "XCBuildConfiguration";
         buildSettings = {
            LD = "/usr/bin/true";
            OTHER_SWIFT_FLAGS = (
               "-swift-version",
               "5",
               "-I",
               "$(TOOLCHAIN_DIR)/usr/lib/swift/pm/4_2",
               "-target",
               "x86_64-apple-macosx10.10",
               "-sdk",
               "/Applications/Xcode.app/Contents/Developer/Platforms/MacOSX.platform/Developer/SDKs/MacOSX10.14.sdk"
            );
            SWIFT_VERSION = "5.0";
         };
         name = "Debug";
      };
      "OBJ_253" = {
         isa = "XCBuildConfiguration";
         buildSettings = {
            LD = "/usr/bin/true";
            OTHER_SWIFT_FLAGS = (
               "-swift-version",
               "5",
               "-I",
               "$(TOOLCHAIN_DIR)/usr/lib/swift/pm/4_2",
               "-target",
               "x86_64-apple-macosx10.10",
               "-sdk",
               "/Applications/Xcode.app/Contents/Developer/Platforms/MacOSX.platform/Developer/SDKs/MacOSX10.14.sdk"
            );
            SWIFT_VERSION = "5.0";
         };
         name = "Release";
      };
      "OBJ_254" = {
         isa = "PBXSourcesBuildPhase";
         files = (
            "OBJ_255"
         );
      };
      "OBJ_255" = {
         isa = "PBXBuildFile";
         fileRef = "OBJ_6";
      };
      "OBJ_257" = {
         isa = "XCConfigurationList";
         buildConfigurations = (
            "OBJ_258",
            "OBJ_259"
         );
         defaultConfigurationIsVisible = "0";
         defaultConfigurationName = "Release";
      };
      "OBJ_258" = {
         isa = "XCBuildConfiguration";
         buildSettings = {
         };
         name = "Debug";
      };
      "OBJ_259" = {
         isa = "XCBuildConfiguration";
         buildSettings = {
         };
         name = "Release";
      };
      "OBJ_26" = {
         isa = "PBXFileReference";
         path = "JSONEncoder.swift";
         sourceTree = "<group>";
      };
      "OBJ_260" = {
         isa = "PBXTargetDependency";
         target = "CXExtensions::CXExtensionsTests";
      };
      "OBJ_262" = {
         isa = "XCConfigurationList";
         buildConfigurations = (
            "OBJ_263",
            "OBJ_264"
         );
         defaultConfigurationIsVisible = "0";
         defaultConfigurationName = "Release";
      };
      "OBJ_263" = {
         isa = "XCBuildConfiguration";
         buildSettings = {
            CLANG_ENABLE_MODULES = "YES";
            EMBEDDED_CONTENT_CONTAINS_SWIFT = "YES";
            FRAMEWORK_SEARCH_PATHS = (
               "$(inherited)",
               "$(PLATFORM_DIR)/Developer/Library/Frameworks"
            );
            HEADER_SEARCH_PATHS = (
               "$(inherited)"
            );
            INFOPLIST_FILE = "CXExtensions.xcodeproj/CXExtensionsTests_Info.plist";
            IPHONEOS_DEPLOYMENT_TARGET = "8.0";
            LD_RUNPATH_SEARCH_PATHS = (
               "$(inherited)",
               "@loader_path/../Frameworks",
               "@loader_path/Frameworks"
            );
            MACOSX_DEPLOYMENT_TARGET = "10.10";
            OTHER_CFLAGS = (
               "$(inherited)"
            );
            OTHER_LDFLAGS = (
               "$(inherited)"
            );
            OTHER_SWIFT_FLAGS = (
               "$(inherited)"
            );
            SWIFT_ACTIVE_COMPILATION_CONDITIONS = (
               "$(inherited)"
            );
            SWIFT_VERSION = "5.0";
            TARGET_NAME = "CXExtensionsTests";
            TVOS_DEPLOYMENT_TARGET = "9.0";
            WATCHOS_DEPLOYMENT_TARGET = "2.0";
         };
         name = "Debug";
      };
      "OBJ_264" = {
         isa = "XCBuildConfiguration";
         buildSettings = {
            CLANG_ENABLE_MODULES = "YES";
            EMBEDDED_CONTENT_CONTAINS_SWIFT = "YES";
            FRAMEWORK_SEARCH_PATHS = (
               "$(inherited)",
               "$(PLATFORM_DIR)/Developer/Library/Frameworks"
            );
            HEADER_SEARCH_PATHS = (
               "$(inherited)"
            );
            INFOPLIST_FILE = "CXExtensions.xcodeproj/CXExtensionsTests_Info.plist";
            IPHONEOS_DEPLOYMENT_TARGET = "8.0";
            LD_RUNPATH_SEARCH_PATHS = (
               "$(inherited)",
               "@loader_path/../Frameworks",
               "@loader_path/Frameworks"
            );
            MACOSX_DEPLOYMENT_TARGET = "10.10";
            OTHER_CFLAGS = (
               "$(inherited)"
            );
            OTHER_LDFLAGS = (
               "$(inherited)"
            );
            OTHER_SWIFT_FLAGS = (
               "$(inherited)"
            );
            SWIFT_ACTIVE_COMPILATION_CONDITIONS = (
               "$(inherited)"
            );
            SWIFT_VERSION = "5.0";
            TARGET_NAME = "CXExtensionsTests";
            TVOS_DEPLOYMENT_TARGET = "9.0";
            WATCHOS_DEPLOYMENT_TARGET = "2.0";
         };
         name = "Release";
      };
      "OBJ_265" = {
         isa = "PBXSourcesBuildPhase";
         files = (
            "OBJ_266",
            "OBJ_267"
         );
      };
      "OBJ_266" = {
         isa = "PBXBuildFile";
         fileRef = "OBJ_13";
      };
      "OBJ_267" = {
         isa = "PBXBuildFile";
         fileRef = "OBJ_14";
      };
      "OBJ_268" = {
         isa = "PBXFrameworksBuildPhase";
         files = (
            "OBJ_269",
            "OBJ_270",
            "OBJ_271",
            "OBJ_272"
         );
      };
      "OBJ_269" = {
         isa = "PBXBuildFile";
         fileRef = "CXExtensions::CXExtensions::Product";
      };
      "OBJ_27" = {
         isa = "PBXFileReference";
         path = "NSObject.swift";
         sourceTree = "<group>";
      };
      "OBJ_270" = {
         isa = "PBXBuildFile";
         fileRef = "CXFoundation::CXFoundation::Product";
      };
      "OBJ_271" = {
         isa = "PBXBuildFile";
         fileRef = "CombineX::CombineX::Product";
      };
      "OBJ_272" = {
         isa = "PBXBuildFile";
         fileRef = "CXCompatible::CXCompatible::Product";
      };
      "OBJ_273" = {
         isa = "PBXTargetDependency";
         target = "CXExtensions::CXExtensions";
      };
      "OBJ_274" = {
         isa = "PBXTargetDependency";
         target = "CXFoundation::CXFoundation";
      };
      "OBJ_275" = {
         isa = "PBXTargetDependency";
         target = "CombineX::CombineX";
      };
      "OBJ_276" = {
         isa = "PBXTargetDependency";
         target = "CXCompatible::CXCompatible";
      };
      "OBJ_277" = {
         isa = "XCConfigurationList";
         buildConfigurations = (
            "OBJ_278",
            "OBJ_279"
         );
         defaultConfigurationIsVisible = "0";
         defaultConfigurationName = "Release";
      };
      "OBJ_278" = {
         isa = "XCBuildConfiguration";
         buildSettings = {
            ENABLE_TESTABILITY = "YES";
            FRAMEWORK_SEARCH_PATHS = (
               "$(inherited)",
               "$(PLATFORM_DIR)/Developer/Library/Frameworks"
            );
            HEADER_SEARCH_PATHS = (
               "$(inherited)"
            );
            INFOPLIST_FILE = "CXExtensions.xcodeproj/CXFoundation_Info.plist";
            IPHONEOS_DEPLOYMENT_TARGET = "8.0";
            LD_RUNPATH_SEARCH_PATHS = (
               "$(inherited)",
               "$(TOOLCHAIN_DIR)/usr/lib/swift/macosx"
            );
            MACOSX_DEPLOYMENT_TARGET = "10.10";
            OTHER_CFLAGS = (
               "$(inherited)"
            );
            OTHER_LDFLAGS = (
               "$(inherited)"
            );
            OTHER_SWIFT_FLAGS = (
               "$(inherited)"
            );
            PRODUCT_BUNDLE_IDENTIFIER = "CXFoundation";
            PRODUCT_MODULE_NAME = "$(TARGET_NAME:c99extidentifier)";
            PRODUCT_NAME = "$(TARGET_NAME:c99extidentifier)";
            SKIP_INSTALL = "YES";
            SWIFT_ACTIVE_COMPILATION_CONDITIONS = (
               "$(inherited)"
            );
            SWIFT_VERSION = "5.0";
            TARGET_NAME = "CXFoundation";
            TVOS_DEPLOYMENT_TARGET = "9.0";
            WATCHOS_DEPLOYMENT_TARGET = "2.0";
         };
         name = "Debug";
      };
      "OBJ_279" = {
         isa = "XCBuildConfiguration";
         buildSettings = {
            ENABLE_TESTABILITY = "YES";
            FRAMEWORK_SEARCH_PATHS = (
               "$(inherited)",
               "$(PLATFORM_DIR)/Developer/Library/Frameworks"
            );
            HEADER_SEARCH_PATHS = (
               "$(inherited)"
            );
            INFOPLIST_FILE = "CXExtensions.xcodeproj/CXFoundation_Info.plist";
            IPHONEOS_DEPLOYMENT_TARGET = "8.0";
            LD_RUNPATH_SEARCH_PATHS = (
               "$(inherited)",
               "$(TOOLCHAIN_DIR)/usr/lib/swift/macosx"
            );
            MACOSX_DEPLOYMENT_TARGET = "10.10";
            OTHER_CFLAGS = (
               "$(inherited)"
            );
            OTHER_LDFLAGS = (
               "$(inherited)"
            );
            OTHER_SWIFT_FLAGS = (
               "$(inherited)"
            );
            PRODUCT_BUNDLE_IDENTIFIER = "CXFoundation";
            PRODUCT_MODULE_NAME = "$(TARGET_NAME:c99extidentifier)";
            PRODUCT_NAME = "$(TARGET_NAME:c99extidentifier)";
            SKIP_INSTALL = "YES";
            SWIFT_ACTIVE_COMPILATION_CONDITIONS = (
               "$(inherited)"
            );
            SWIFT_VERSION = "5.0";
            TARGET_NAME = "CXFoundation";
            TVOS_DEPLOYMENT_TARGET = "9.0";
            WATCHOS_DEPLOYMENT_TARGET = "2.0";
         };
         name = "Release";
      };
      "OBJ_28" = {
         isa = "PBXFileReference";
         path = "NotificationCenter.swift";
         sourceTree = "<group>";
      };
      "OBJ_280" = {
         isa = "PBXSourcesBuildPhase";
         files = (
            "OBJ_281",
            "OBJ_282",
            "OBJ_283",
            "OBJ_284",
            "OBJ_285",
            "OBJ_286",
            "OBJ_287",
            "OBJ_288",
            "OBJ_289",
            "OBJ_290",
            "OBJ_291",
            "OBJ_292",
            "OBJ_293",
            "OBJ_294",
            "OBJ_295"
         );
      };
      "OBJ_281" = {
         isa = "PBXBuildFile";
         fileRef = "OBJ_18";
      };
      "OBJ_282" = {
         isa = "PBXBuildFile";
         fileRef = "OBJ_19";
      };
      "OBJ_283" = {
         isa = "PBXBuildFile";
         fileRef = "OBJ_21";
      };
      "OBJ_284" = {
         isa = "PBXBuildFile";
         fileRef = "OBJ_23";
      };
      "OBJ_285" = {
         isa = "PBXBuildFile";
         fileRef = "OBJ_24";
      };
      "OBJ_286" = {
         isa = "PBXBuildFile";
         fileRef = "OBJ_25";
      };
      "OBJ_287" = {
         isa = "PBXBuildFile";
         fileRef = "OBJ_26";
      };
      "OBJ_288" = {
         isa = "PBXBuildFile";
         fileRef = "OBJ_27";
      };
      "OBJ_289" = {
         isa = "PBXBuildFile";
         fileRef = "OBJ_28";
      };
      "OBJ_29" = {
         isa = "PBXFileReference";
         path = "OperationQueue.swift";
         sourceTree = "<group>";
      };
      "OBJ_290" = {
         isa = "PBXBuildFile";
         fileRef = "OBJ_29";
      };
      "OBJ_291" = {
         isa = "PBXBuildFile";
         fileRef = "OBJ_30";
      };
      "OBJ_292" = {
         isa = "PBXBuildFile";
         fileRef = "OBJ_31";
      };
      "OBJ_293" = {
         isa = "PBXBuildFile";
         fileRef = "OBJ_32";
      };
      "OBJ_294" = {
         isa = "PBXBuildFile";
         fileRef = "OBJ_33";
      };
      "OBJ_295" = {
         isa = "PBXBuildFile";
         fileRef = "OBJ_34";
      };
      "OBJ_296" = {
         isa = "PBXFrameworksBuildPhase";
         files = (
            "OBJ_297"
         );
      };
      "OBJ_297" = {
         isa = "PBXBuildFile";
         fileRef = "CombineX::CombineX::Product";
      };
      "OBJ_298" = {
         isa = "PBXTargetDependency";
         target = "CombineX::CombineX";
      };
      "OBJ_3" = {
         isa = "XCBuildConfiguration";
         buildSettings = {
            CLANG_ENABLE_OBJC_ARC = "YES";
            COMBINE_HIDPI_IMAGES = "YES";
            COPY_PHASE_STRIP = "NO";
            DEBUG_INFORMATION_FORMAT = "dwarf";
            DYLIB_INSTALL_NAME_BASE = "@rpath";
            ENABLE_NS_ASSERTIONS = "YES";
            GCC_OPTIMIZATION_LEVEL = "0";
            GCC_PREPROCESSOR_DEFINITIONS = (
               "$(inherited)",
               "SWIFT_PACKAGE=1",
               "DEBUG=1"
            );
            MACOSX_DEPLOYMENT_TARGET = "10.10";
            ONLY_ACTIVE_ARCH = "YES";
            OTHER_SWIFT_FLAGS = (
               "-DXcode"
            );
            PRODUCT_NAME = "$(TARGET_NAME)";
            SDKROOT = "macosx";
            SUPPORTED_PLATFORMS = (
               "macosx",
               "iphoneos",
               "iphonesimulator",
               "appletvos",
               "appletvsimulator",
               "watchos",
               "watchsimulator"
            );
            SWIFT_ACTIVE_COMPILATION_CONDITIONS = (
               "$(inherited)",
               "SWIFT_PACKAGE",
               "DEBUG"
            );
            SWIFT_OPTIMIZATION_LEVEL = "-Onone";
            USE_HEADERMAP = "NO";
         };
         name = "Debug";
      };
      "OBJ_30" = {
         isa = "PBXFileReference";
         path = "PropertyListDecoder.swift";
         sourceTree = "<group>";
      };
      "OBJ_300" = {
         isa = "XCConfigurationList";
         buildConfigurations = (
            "OBJ_301",
            "OBJ_302"
         );
         defaultConfigurationIsVisible = "0";
         defaultConfigurationName = "Release";
      };
      "OBJ_301" = {
         isa = "XCBuildConfiguration";
         buildSettings = {
            LD = "/usr/bin/true";
            OTHER_SWIFT_FLAGS = (
               "-swift-version",
               "5",
               "-I",
               "$(TOOLCHAIN_DIR)/usr/lib/swift/pm/4_2",
               "-target",
               "x86_64-apple-macosx10.10",
               "-sdk",
               "/Applications/Xcode.app/Contents/Developer/Platforms/MacOSX.platform/Developer/SDKs/MacOSX10.14.sdk"
            );
            SWIFT_VERSION = "5.0";
         };
         name = "Debug";
      };
      "OBJ_302" = {
         isa = "XCBuildConfiguration";
         buildSettings = {
            LD = "/usr/bin/true";
            OTHER_SWIFT_FLAGS = (
               "-swift-version",
               "5",
               "-I",
               "$(TOOLCHAIN_DIR)/usr/lib/swift/pm/4_2",
               "-target",
               "x86_64-apple-macosx10.10",
               "-sdk",
               "/Applications/Xcode.app/Contents/Developer/Platforms/MacOSX.platform/Developer/SDKs/MacOSX10.14.sdk"
            );
            SWIFT_VERSION = "5.0";
         };
         name = "Release";
      };
      "OBJ_303" = {
         isa = "PBXSourcesBuildPhase";
         files = (
            "OBJ_304"
         );
      };
      "OBJ_304" = {
         isa = "PBXBuildFile";
         fileRef = "OBJ_35";
      };
      "OBJ_305" = {
         isa = "XCConfigurationList";
         buildConfigurations = (
            "OBJ_306",
            "OBJ_307"
         );
         defaultConfigurationIsVisible = "0";
         defaultConfigurationName = "Release";
      };
      "OBJ_306" = {
         isa = "XCBuildConfiguration";
         buildSettings = {
            ENABLE_TESTABILITY = "YES";
            FRAMEWORK_SEARCH_PATHS = (
               "$(inherited)",
               "$(PLATFORM_DIR)/Developer/Library/Frameworks"
            );
            HEADER_SEARCH_PATHS = (
               "$(inherited)"
            );
            INFOPLIST_FILE = "CXExtensions.xcodeproj/CombineX_Info.plist";
            IPHONEOS_DEPLOYMENT_TARGET = "8.0";
            LD_RUNPATH_SEARCH_PATHS = (
               "$(inherited)",
               "$(TOOLCHAIN_DIR)/usr/lib/swift/macosx"
            );
            MACOSX_DEPLOYMENT_TARGET = "10.10";
            OTHER_CFLAGS = (
               "$(inherited)"
            );
            OTHER_LDFLAGS = (
               "$(inherited)"
            );
            OTHER_SWIFT_FLAGS = (
               "$(inherited)"
            );
            PRODUCT_BUNDLE_IDENTIFIER = "CombineX";
            PRODUCT_MODULE_NAME = "$(TARGET_NAME:c99extidentifier)";
            PRODUCT_NAME = "$(TARGET_NAME:c99extidentifier)";
            SKIP_INSTALL = "YES";
            SWIFT_ACTIVE_COMPILATION_CONDITIONS = (
               "$(inherited)"
            );
            SWIFT_VERSION = "5.0";
            TARGET_NAME = "CombineX";
            TVOS_DEPLOYMENT_TARGET = "9.0";
            WATCHOS_DEPLOYMENT_TARGET = "2.0";
         };
         name = "Debug";
      };
      "OBJ_307" = {
         isa = "XCBuildConfiguration";
         buildSettings = {
            ENABLE_TESTABILITY = "YES";
            FRAMEWORK_SEARCH_PATHS = (
               "$(inherited)",
               "$(PLATFORM_DIR)/Developer/Library/Frameworks"
            );
            HEADER_SEARCH_PATHS = (
               "$(inherited)"
            );
            INFOPLIST_FILE = "CXExtensions.xcodeproj/CombineX_Info.plist";
            IPHONEOS_DEPLOYMENT_TARGET = "8.0";
            LD_RUNPATH_SEARCH_PATHS = (
               "$(inherited)",
               "$(TOOLCHAIN_DIR)/usr/lib/swift/macosx"
            );
            MACOSX_DEPLOYMENT_TARGET = "10.10";
            OTHER_CFLAGS = (
               "$(inherited)"
            );
            OTHER_LDFLAGS = (
               "$(inherited)"
            );
            OTHER_SWIFT_FLAGS = (
               "$(inherited)"
            );
            PRODUCT_BUNDLE_IDENTIFIER = "CombineX";
            PRODUCT_MODULE_NAME = "$(TARGET_NAME:c99extidentifier)";
            PRODUCT_NAME = "$(TARGET_NAME:c99extidentifier)";
            SKIP_INSTALL = "YES";
            SWIFT_ACTIVE_COMPILATION_CONDITIONS = (
               "$(inherited)"
            );
            SWIFT_VERSION = "5.0";
            TARGET_NAME = "CombineX";
            TVOS_DEPLOYMENT_TARGET = "9.0";
            WATCHOS_DEPLOYMENT_TARGET = "2.0";
         };
         name = "Release";
      };
      "OBJ_308" = {
         isa = "PBXSourcesBuildPhase";
         files = (
            "OBJ_309",
            "OBJ_310",
            "OBJ_311",
            "OBJ_312",
            "OBJ_313",
            "OBJ_314",
            "OBJ_315",
            "OBJ_316",
            "OBJ_317",
            "OBJ_318",
            "OBJ_319",
            "OBJ_320",
            "OBJ_321",
            "OBJ_322",
            "OBJ_323",
            "OBJ_324",
            "OBJ_325",
            "OBJ_326",
            "OBJ_327",
            "OBJ_328",
            "OBJ_329",
            "OBJ_330",
            "OBJ_331",
            "OBJ_332",
            "OBJ_333",
            "OBJ_334",
            "OBJ_335",
            "OBJ_336",
            "OBJ_337",
            "OBJ_338",
            "OBJ_339",
            "OBJ_340",
            "OBJ_341",
            "OBJ_342",
            "OBJ_343",
            "OBJ_344",
            "OBJ_345",
            "OBJ_346",
            "OBJ_347",
            "OBJ_348",
            "OBJ_349",
            "OBJ_350",
            "OBJ_351",
            "OBJ_352",
            "OBJ_353",
            "OBJ_354",
            "OBJ_355",
            "OBJ_356",
            "OBJ_357",
            "OBJ_358",
            "OBJ_359",
            "OBJ_360",
            "OBJ_361",
            "OBJ_362",
            "OBJ_363",
            "OBJ_364",
            "OBJ_365",
            "OBJ_366",
            "OBJ_367",
            "OBJ_368",
            "OBJ_369",
            "OBJ_370",
            "OBJ_371",
            "OBJ_372",
            "OBJ_373",
            "OBJ_374",
            "OBJ_375",
            "OBJ_376",
            "OBJ_377",
            "OBJ_378",
            "OBJ_379",
            "OBJ_380",
            "OBJ_381",
            "OBJ_382",
            "OBJ_383",
            "OBJ_384",
            "OBJ_385",
            "OBJ_386",
            "OBJ_387",
            "OBJ_388",
            "OBJ_389",
            "OBJ_390",
            "OBJ_391",
            "OBJ_392",
            "OBJ_393",
            "OBJ_394",
            "OBJ_395",
            "OBJ_396",
            "OBJ_397",
            "OBJ_398",
            "OBJ_399",
            "OBJ_400",
            "OBJ_401",
            "OBJ_402",
            "OBJ_403",
            "OBJ_404",
            "OBJ_405",
            "OBJ_406",
            "OBJ_407",
            "OBJ_408",
            "OBJ_409",
            "OBJ_410",
            "OBJ_411",
            "OBJ_412",
            "OBJ_413",
            "OBJ_414",
            "OBJ_415",
            "OBJ_416",
            "OBJ_417",
            "OBJ_418",
            "OBJ_419",
            "OBJ_420",
            "OBJ_421",
            "OBJ_422",
            "OBJ_423",
            "OBJ_424",
            "OBJ_425",
            "OBJ_426",
            "OBJ_427",
            "OBJ_428",
            "OBJ_429",
            "OBJ_430",
            "OBJ_431",
            "OBJ_432",
            "OBJ_433",
            "OBJ_434",
            "OBJ_435"
         );
      };
      "OBJ_309" = {
         isa = "PBXBuildFile";
         fileRef = "OBJ_38";
      };
      "OBJ_31" = {
         isa = "PBXFileReference";
         path = "PropertyListEncoder.swift";
         sourceTree = "<group>";
      };
      "OBJ_310" = {
         isa = "PBXBuildFile";
         fileRef = "OBJ_39";
      };
      "OBJ_311" = {
         isa = "PBXBuildFile";
         fileRef = "OBJ_40";
      };
      "OBJ_312" = {
         isa = "PBXBuildFile";
         fileRef = "OBJ_41";
      };
      "OBJ_313" = {
         isa = "PBXBuildFile";
         fileRef = "OBJ_42";
      };
      "OBJ_314" = {
         isa = "PBXBuildFile";
         fileRef = "OBJ_43";
      };
      "OBJ_315" = {
         isa = "PBXBuildFile";
         fileRef = "OBJ_45";
      };
      "OBJ_316" = {
         isa = "PBXBuildFile";
         fileRef = "OBJ_46";
      };
      "OBJ_317" = {
         isa = "PBXBuildFile";
         fileRef = "OBJ_47";
      };
      "OBJ_318" = {
         isa = "PBXBuildFile";
         fileRef = "OBJ_48";
      };
      "OBJ_319" = {
         isa = "PBXBuildFile";
         fileRef = "OBJ_49";
      };
      "OBJ_32" = {
         isa = "PBXFileReference";
         path = "RunLoop.swift";
         sourceTree = "<group>";
      };
      "OBJ_320" = {
         isa = "PBXBuildFile";
         fileRef = "OBJ_50";
      };
      "OBJ_321" = {
         isa = "PBXBuildFile";
         fileRef = "OBJ_52";
      };
      "OBJ_322" = {
         isa = "PBXBuildFile";
         fileRef = "OBJ_53";
      };
      "OBJ_323" = {
         isa = "PBXBuildFile";
         fileRef = "OBJ_54";
      };
      "OBJ_324" = {
         isa = "PBXBuildFile";
         fileRef = "OBJ_56";
      };
      "OBJ_325" = {
         isa = "PBXBuildFile";
         fileRef = "OBJ_57";
      };
      "OBJ_326" = {
         isa = "PBXBuildFile";
         fileRef = "OBJ_58";
      };
      "OBJ_327" = {
         isa = "PBXBuildFile";
         fileRef = "OBJ_59";
      };
      "OBJ_328" = {
         isa = "PBXBuildFile";
         fileRef = "OBJ_60";
      };
      "OBJ_329" = {
         isa = "PBXBuildFile";
         fileRef = "OBJ_61";
      };
      "OBJ_33" = {
         isa = "PBXFileReference";
         path = "Timer.swift";
         sourceTree = "<group>";
      };
      "OBJ_330" = {
         isa = "PBXBuildFile";
         fileRef = "OBJ_62";
      };
      "OBJ_331" = {
         isa = "PBXBuildFile";
         fileRef = "OBJ_63";
      };
      "OBJ_332" = {
         isa = "PBXBuildFile";
         fileRef = "OBJ_64";
      };
      "OBJ_333" = {
         isa = "PBXBuildFile";
         fileRef = "OBJ_65";
      };
      "OBJ_334" = {
         isa = "PBXBuildFile";
         fileRef = "OBJ_66";
      };
      "OBJ_335" = {
         isa = "PBXBuildFile";
         fileRef = "OBJ_67";
      };
      "OBJ_336" = {
         isa = "PBXBuildFile";
         fileRef = "OBJ_70";
      };
      "OBJ_337" = {
         isa = "PBXBuildFile";
         fileRef = "OBJ_72";
      };
      "OBJ_338" = {
         isa = "PBXBuildFile";
         fileRef = "OBJ_73";
      };
      "OBJ_339" = {
         isa = "PBXBuildFile";
         fileRef = "OBJ_74";
      };
      "OBJ_34" = {
         isa = "PBXFileReference";
         path = "URLSession.swift";
         sourceTree = "<group>";
      };
      "OBJ_340" = {
         isa = "PBXBuildFile";
         fileRef = "OBJ_75";
      };
      "OBJ_341" = {
         isa = "PBXBuildFile";
         fileRef = "OBJ_76";
      };
      "OBJ_342" = {
         isa = "PBXBuildFile";
         fileRef = "OBJ_77";
      };
      "OBJ_343" = {
         isa = "PBXBuildFile";
         fileRef = "OBJ_78";
      };
      "OBJ_344" = {
         isa = "PBXBuildFile";
         fileRef = "OBJ_79";
      };
      "OBJ_345" = {
         isa = "PBXBuildFile";
         fileRef = "OBJ_80";
      };
      "OBJ_346" = {
         isa = "PBXBuildFile";
         fileRef = "OBJ_81";
      };
      "OBJ_347" = {
         isa = "PBXBuildFile";
         fileRef = "OBJ_82";
      };
      "OBJ_348" = {
         isa = "PBXBuildFile";
         fileRef = "OBJ_83";
      };
      "OBJ_349" = {
         isa = "PBXBuildFile";
         fileRef = "OBJ_84";
      };
      "OBJ_35" = {
         isa = "PBXFileReference";
         explicitFileType = "sourcecode.swift";
         name = "Package.swift";
         path = "/Users/quentinmed/Documents/Codes/CXExtensions/.build/checkouts/CXFoundation/Package.swift";
         sourceTree = "<group>";
      };
      "OBJ_350" = {
         isa = "PBXBuildFile";
         fileRef = "OBJ_85";
      };
      "OBJ_351" = {
         isa = "PBXBuildFile";
         fileRef = "OBJ_86";
      };
      "OBJ_352" = {
         isa = "PBXBuildFile";
         fileRef = "OBJ_87";
      };
      "OBJ_353" = {
         isa = "PBXBuildFile";
         fileRef = "OBJ_88";
      };
      "OBJ_354" = {
         isa = "PBXBuildFile";
         fileRef = "OBJ_89";
      };
      "OBJ_355" = {
         isa = "PBXBuildFile";
         fileRef = "OBJ_90";
      };
      "OBJ_356" = {
         isa = "PBXBuildFile";
         fileRef = "OBJ_91";
      };
      "OBJ_357" = {
         isa = "PBXBuildFile";
         fileRef = "OBJ_92";
      };
      "OBJ_358" = {
         isa = "PBXBuildFile";
         fileRef = "OBJ_93";
      };
      "OBJ_359" = {
         isa = "PBXBuildFile";
         fileRef = "OBJ_94";
      };
      "OBJ_36" = {
         isa = "PBXGroup";
         children = (
            "OBJ_37",
            "OBJ_176"
         );
         name = "CombineX";
         path = "";
         sourceTree = "SOURCE_ROOT";
      };
      "OBJ_360" = {
         isa = "PBXBuildFile";
         fileRef = "OBJ_95";
      };
      "OBJ_361" = {
         isa = "PBXBuildFile";
         fileRef = "OBJ_96";
      };
      "OBJ_362" = {
         isa = "PBXBuildFile";
         fileRef = "OBJ_97";
      };
      "OBJ_363" = {
         isa = "PBXBuildFile";
         fileRef = "OBJ_98";
      };
      "OBJ_364" = {
         isa = "PBXBuildFile";
         fileRef = "OBJ_99";
      };
      "OBJ_365" = {
         isa = "PBXBuildFile";
         fileRef = "OBJ_100";
      };
      "OBJ_366" = {
         isa = "PBXBuildFile";
         fileRef = "OBJ_101";
      };
      "OBJ_367" = {
         isa = "PBXBuildFile";
         fileRef = "OBJ_102";
      };
      "OBJ_368" = {
         isa = "PBXBuildFile";
         fileRef = "OBJ_103";
      };
      "OBJ_369" = {
         isa = "PBXBuildFile";
         fileRef = "OBJ_104";
      };
      "OBJ_37" = {
         isa = "PBXGroup";
         children = (
            "OBJ_38",
            "OBJ_39",
            "OBJ_40",
            "OBJ_41",
            "OBJ_42",
            "OBJ_43",
            "OBJ_44",
            "OBJ_48",
            "OBJ_49",
            "OBJ_50",
            "OBJ_51",
            "OBJ_65",
            "OBJ_66",
            "OBJ_67",
            "OBJ_68",
            "OBJ_158",
            "OBJ_159",
            "OBJ_160",
            "OBJ_162",
            "OBJ_163",
            "OBJ_166",
            "OBJ_167",
            "OBJ_172",
            "OBJ_173"
         );
         name = "CombineX";
         path = ".build/checkouts/CombineX/Sources/CombineX";
         sourceTree = "SOURCE_ROOT";
      };
      "OBJ_370" = {
         isa = "PBXBuildFile";
         fileRef = "OBJ_105";
      };
      "OBJ_371" = {
         isa = "PBXBuildFile";
         fileRef = "OBJ_106";
      };
      "OBJ_372" = {
         isa = "PBXBuildFile";
         fileRef = "OBJ_107";
      };
      "OBJ_373" = {
         isa = "PBXBuildFile";
         fileRef = "OBJ_108";
      };
      "OBJ_374" = {
         isa = "PBXBuildFile";
         fileRef = "OBJ_109";
      };
      "OBJ_375" = {
         isa = "PBXBuildFile";
         fileRef = "OBJ_110";
      };
      "OBJ_376" = {
         isa = "PBXBuildFile";
         fileRef = "OBJ_111";
      };
      "OBJ_377" = {
         isa = "PBXBuildFile";
         fileRef = "OBJ_112";
      };
      "OBJ_378" = {
         isa = "PBXBuildFile";
         fileRef = "OBJ_113";
      };
      "OBJ_379" = {
         isa = "PBXBuildFile";
         fileRef = "OBJ_114";
      };
      "OBJ_38" = {
         isa = "PBXFileReference";
         path = "AnyCancellable.swift";
         sourceTree = "<group>";
      };
      "OBJ_380" = {
         isa = "PBXBuildFile";
         fileRef = "OBJ_115";
      };
      "OBJ_381" = {
         isa = "PBXBuildFile";
         fileRef = "OBJ_116";
      };
      "OBJ_382" = {
         isa = "PBXBuildFile";
         fileRef = "OBJ_117";
      };
      "OBJ_383" = {
         isa = "PBXBuildFile";
         fileRef = "OBJ_118";
      };
      "OBJ_384" = {
         isa = "PBXBuildFile";
         fileRef = "OBJ_119";
      };
      "OBJ_385" = {
         isa = "PBXBuildFile";
         fileRef = "OBJ_120";
      };
      "OBJ_386" = {
         isa = "PBXBuildFile";
         fileRef = "OBJ_121";
      };
      "OBJ_387" = {
         isa = "PBXBuildFile";
         fileRef = "OBJ_122";
      };
      "OBJ_388" = {
         isa = "PBXBuildFile";
         fileRef = "OBJ_123";
      };
      "OBJ_389" = {
         isa = "PBXBuildFile";
         fileRef = "OBJ_124";
      };
      "OBJ_39" = {
         isa = "PBXFileReference";
         path = "AnyPublisher.swift";
         sourceTree = "<group>";
      };
      "OBJ_390" = {
         isa = "PBXBuildFile";
         fileRef = "OBJ_125";
      };
      "OBJ_391" = {
         isa = "PBXBuildFile";
         fileRef = "OBJ_126";
      };
      "OBJ_392" = {
         isa = "PBXBuildFile";
         fileRef = "OBJ_127";
      };
      "OBJ_393" = {
         isa = "PBXBuildFile";
         fileRef = "OBJ_128";
      };
      "OBJ_394" = {
         isa = "PBXBuildFile";
         fileRef = "OBJ_129";
      };
      "OBJ_395" = {
         isa = "PBXBuildFile";
         fileRef = "OBJ_130";
      };
      "OBJ_396" = {
         isa = "PBXBuildFile";
         fileRef = "OBJ_131";
      };
      "OBJ_397" = {
         isa = "PBXBuildFile";
         fileRef = "OBJ_132";
      };
      "OBJ_398" = {
         isa = "PBXBuildFile";
         fileRef = "OBJ_133";
      };
      "OBJ_399" = {
         isa = "PBXBuildFile";
         fileRef = "OBJ_134";
      };
      "OBJ_4" = {
         isa = "XCBuildConfiguration";
         buildSettings = {
            CLANG_ENABLE_OBJC_ARC = "YES";
            COMBINE_HIDPI_IMAGES = "YES";
            COPY_PHASE_STRIP = "YES";
            DEBUG_INFORMATION_FORMAT = "dwarf-with-dsym";
            DYLIB_INSTALL_NAME_BASE = "@rpath";
            GCC_OPTIMIZATION_LEVEL = "s";
            GCC_PREPROCESSOR_DEFINITIONS = (
               "$(inherited)",
               "SWIFT_PACKAGE=1"
            );
            MACOSX_DEPLOYMENT_TARGET = "10.10";
            OTHER_SWIFT_FLAGS = (
               "-DXcode"
            );
            PRODUCT_NAME = "$(TARGET_NAME)";
            SDKROOT = "macosx";
            SUPPORTED_PLATFORMS = (
               "macosx",
               "iphoneos",
               "iphonesimulator",
               "appletvos",
               "appletvsimulator",
               "watchos",
               "watchsimulator"
            );
            SWIFT_ACTIVE_COMPILATION_CONDITIONS = (
               "$(inherited)",
               "SWIFT_PACKAGE"
            );
            SWIFT_OPTIMIZATION_LEVEL = "-Owholemodule";
            USE_HEADERMAP = "NO";
         };
         name = "Release";
      };
      "OBJ_40" = {
         isa = "PBXFileReference";
         path = "AnySubscriber.swift";
         sourceTree = "<group>";
      };
      "OBJ_400" = {
         isa = "PBXBuildFile";
         fileRef = "OBJ_135";
      };
      "OBJ_401" = {
         isa = "PBXBuildFile";
         fileRef = "OBJ_136";
      };
      "OBJ_402" = {
         isa = "PBXBuildFile";
         fileRef = "OBJ_137";
      };
      "OBJ_403" = {
         isa = "PBXBuildFile";
         fileRef = "OBJ_138";
      };
      "OBJ_404" = {
         isa = "PBXBuildFile";
         fileRef = "OBJ_139";
      };
      "OBJ_405" = {
         isa = "PBXBuildFile";
         fileRef = "OBJ_140";
      };
      "OBJ_406" = {
         isa = "PBXBuildFile";
         fileRef = "OBJ_141";
      };
      "OBJ_407" = {
         isa = "PBXBuildFile";
         fileRef = "OBJ_142";
      };
      "OBJ_408" = {
         isa = "PBXBuildFile";
         fileRef = "OBJ_144";
      };
      "OBJ_409" = {
         isa = "PBXBuildFile";
         fileRef = "OBJ_145";
      };
      "OBJ_41" = {
         isa = "PBXFileReference";
         path = "Cancellable.swift";
         sourceTree = "<group>";
      };
      "OBJ_410" = {
         isa = "PBXBuildFile";
         fileRef = "OBJ_146";
      };
      "OBJ_411" = {
         isa = "PBXBuildFile";
         fileRef = "OBJ_147";
      };
      "OBJ_412" = {
         isa = "PBXBuildFile";
         fileRef = "OBJ_148";
      };
      "OBJ_413" = {
         isa = "PBXBuildFile";
         fileRef = "OBJ_149";
      };
      "OBJ_414" = {
         isa = "PBXBuildFile";
         fileRef = "OBJ_150";
      };
      "OBJ_415" = {
         isa = "PBXBuildFile";
         fileRef = "OBJ_151";
      };
      "OBJ_416" = {
         isa = "PBXBuildFile";
         fileRef = "OBJ_152";
      };
      "OBJ_417" = {
         isa = "PBXBuildFile";
         fileRef = "OBJ_153";
      };
      "OBJ_418" = {
         isa = "PBXBuildFile";
         fileRef = "OBJ_154";
      };
      "OBJ_419" = {
         isa = "PBXBuildFile";
         fileRef = "OBJ_155";
      };
      "OBJ_42" = {
         isa = "PBXFileReference";
         path = "Coding.swift";
         sourceTree = "<group>";
      };
      "OBJ_420" = {
         isa = "PBXBuildFile";
         fileRef = "OBJ_156";
      };
      "OBJ_421" = {
         isa = "PBXBuildFile";
         fileRef = "OBJ_157";
      };
      "OBJ_422" = {
         isa = "PBXBuildFile";
         fileRef = "OBJ_158";
      };
      "OBJ_423" = {
         isa = "PBXBuildFile";
         fileRef = "OBJ_159";
      };
      "OBJ_424" = {
         isa = "PBXBuildFile";
         fileRef = "OBJ_161";
      };
      "OBJ_425" = {
         isa = "PBXBuildFile";
         fileRef = "OBJ_162";
      };
      "OBJ_426" = {
         isa = "PBXBuildFile";
         fileRef = "OBJ_164";
      };
      "OBJ_427" = {
         isa = "PBXBuildFile";
         fileRef = "OBJ_165";
      };
      "OBJ_428" = {
         isa = "PBXBuildFile";
         fileRef = "OBJ_166";
      };
      "OBJ_429" = {
         isa = "PBXBuildFile";
         fileRef = "OBJ_168";
      };
      "OBJ_43" = {
         isa = "PBXFileReference";
         path = "CombineIdentifier.swift";
         sourceTree = "<group>";
      };
      "OBJ_430" = {
         isa = "PBXBuildFile";
         fileRef = "OBJ_169";
      };
      "OBJ_431" = {
         isa = "PBXBuildFile";
         fileRef = "OBJ_170";
      };
      "OBJ_432" = {
         isa = "PBXBuildFile";
         fileRef = "OBJ_171";
      };
      "OBJ_433" = {
         isa = "PBXBuildFile";
         fileRef = "OBJ_172";
      };
      "OBJ_434" = {
         isa = "PBXBuildFile";
         fileRef = "OBJ_174";
      };
      "OBJ_435" = {
         isa = "PBXBuildFile";
         fileRef = "OBJ_175";
      };
      "OBJ_436" = {
         isa = "PBXFrameworksBuildPhase";
         files = (
         );
      };
      "OBJ_438" = {
         isa = "XCConfigurationList";
         buildConfigurations = (
            "OBJ_439",
            "OBJ_440"
         );
         defaultConfigurationIsVisible = "0";
         defaultConfigurationName = "Release";
      };
      "OBJ_439" = {
         isa = "XCBuildConfiguration";
         buildSettings = {
            LD = "/usr/bin/true";
            OTHER_SWIFT_FLAGS = (
               "-swift-version",
               "5",
               "-I",
               "$(TOOLCHAIN_DIR)/usr/lib/swift/pm/4_2",
               "-target",
               "x86_64-apple-macosx10.10",
               "-sdk",
               "/Applications/Xcode.app/Contents/Developer/Platforms/MacOSX.platform/Developer/SDKs/MacOSX10.14.sdk"
            );
            SWIFT_VERSION = "5.0";
         };
         name = "Debug";
      };
      "OBJ_44" = {
         isa = "PBXGroup";
         children = (
            "OBJ_45",
            "OBJ_46",
            "OBJ_47"
         );
         name = "Compatible";
         path = "Compatible";
         sourceTree = "<group>";
      };
      "OBJ_440" = {
         isa = "XCBuildConfiguration";
         buildSettings = {
            LD = "/usr/bin/true";
            OTHER_SWIFT_FLAGS = (
               "-swift-version",
               "5",
               "-I",
               "$(TOOLCHAIN_DIR)/usr/lib/swift/pm/4_2",
               "-target",
               "x86_64-apple-macosx10.10",
               "-sdk",
               "/Applications/Xcode.app/Contents/Developer/Platforms/MacOSX.platform/Developer/SDKs/MacOSX10.14.sdk"
            );
            SWIFT_VERSION = "5.0";
         };
         name = "Release";
      };
      "OBJ_441" = {
         isa = "PBXSourcesBuildPhase";
         files = (
            "OBJ_442"
         );
      };
      "OBJ_442" = {
         isa = "PBXBuildFile";
         fileRef = "OBJ_176";
      };
      "OBJ_45" = {
         isa = "PBXFileReference";
         path = "CombineXCompatible.swift";
         sourceTree = "<group>";
      };
      "OBJ_46" = {
         isa = "PBXFileReference";
         path = "OptionalProtocol.swift";
         sourceTree = "<group>";
      };
      "OBJ_47" = {
         isa = "PBXFileReference";
         path = "ResultProtocol.swift";
         sourceTree = "<group>";
      };
      "OBJ_48" = {
         isa = "PBXFileReference";
         path = "Completion.swift";
         sourceTree = "<group>";
      };
      "OBJ_49" = {
         isa = "PBXFileReference";
         path = "ConnectablePublisher.swift";
         sourceTree = "<group>";
      };
      "OBJ_5" = {
         isa = "PBXGroup";
         children = (
            "OBJ_6",
            "OBJ_7",
            "OBJ_11",
            "OBJ_15",
            "OBJ_197",
            "OBJ_203",
            "OBJ_204",
            "OBJ_205"
         );
         path = "";
         sourceTree = "<group>";
      };
      "OBJ_50" = {
         isa = "PBXFileReference";
         path = "CustomCombineIdentifierConvertible.swift";
         sourceTree = "<group>";
      };
      "OBJ_51" = {
         isa = "PBXGroup";
         children = (
            "OBJ_52",
            "OBJ_53",
            "OBJ_54",
            "OBJ_55",
            "OBJ_59",
            "OBJ_60",
            "OBJ_61",
            "OBJ_62",
            "OBJ_63",
            "OBJ_64"
         );
         name = "Internal";
         path = "Internal";
         sourceTree = "<group>";
      };
      "OBJ_52" = {
         isa = "PBXFileReference";
         path = "Atom.swift";
         sourceTree = "<group>";
      };
      "OBJ_53" = {
         isa = "PBXFileReference";
         path = "Const.swift";
         sourceTree = "<group>";
      };
      "OBJ_54" = {
         isa = "PBXFileReference";
         path = "DemandState.swift";
         sourceTree = "<group>";
      };
      "OBJ_55" = {
         isa = "PBXGroup";
         children = (
            "OBJ_56",
            "OBJ_57",
            "OBJ_58"
         );
         name = "Extensions";
         path = "Extensions";
         sourceTree = "<group>";
      };
      "OBJ_56" = {
         isa = "PBXFileReference";
         path = "CompletionExtensions.swift";
         sourceTree = "<group>";
      };
      "OBJ_57" = {
         isa = "PBXFileReference";
         path = "OptionalExtensions.swift";
         sourceTree = "<group>";
      };
      "OBJ_58" = {
         isa = "PBXFileReference";
         path = "Result.swift";
         sourceTree = "<group>";
      };
      "OBJ_59" = {
         isa = "PBXFileReference";
         path = "Global.swift";
         sourceTree = "<group>";
      };
      "OBJ_6" = {
         isa = "PBXFileReference";
         explicitFileType = "sourcecode.swift";
         path = "Package.swift";
         sourceTree = "<group>";
      };
      "OBJ_60" = {
         isa = "PBXFileReference";
         path = "LinkedList.swift";
         sourceTree = "<group>";
      };
      "OBJ_61" = {
         isa = "PBXFileReference";
         path = "Lock.swift";
         sourceTree = "<group>";
      };
      "OBJ_62" = {
         isa = "PBXFileReference";
         path = "PeekableIterator.swift";
         sourceTree = "<group>";
      };
      "OBJ_63" = {
         isa = "PBXFileReference";
         path = "Queue.swift";
         sourceTree = "<group>";
      };
      "OBJ_64" = {
         isa = "PBXFileReference";
         path = "RelayState.swift";
         sourceTree = "<group>";
      };
      "OBJ_65" = {
         isa = "PBXFileReference";
         path = "ObserableObject.swift";
         sourceTree = "<group>";
      };
      "OBJ_66" = {
         isa = "PBXFileReference";
         path = "Published.swift";
         sourceTree = "<group>";
      };
      "OBJ_67" = {
         isa = "PBXFileReference";
         path = "Publisher.swift";
         sourceTree = "<group>";
      };
      "OBJ_68" = {
         isa = "PBXGroup";
         children = (
            "OBJ_69",
            "OBJ_143"
         );
         name = "Publishers";
         path = "Publishers";
         sourceTree = "<group>";
      };
      "OBJ_69" = {
         isa = "PBXGroup";
         children = (
            "OBJ_70",
            "OBJ_71",
            "OBJ_108",
            "OBJ_109",
            "OBJ_110",
            "OBJ_111",
            "OBJ_112",
            "OBJ_113",
            "OBJ_114",
            "OBJ_115",
            "OBJ_116",
            "OBJ_117",
            "OBJ_118",
            "OBJ_119",
            "OBJ_120",
            "OBJ_121",
            "OBJ_122",
            "OBJ_123",
            "OBJ_124",
            "OBJ_125",
            "OBJ_126",
            "OBJ_127",
            "OBJ_128",
            "OBJ_129",
            "OBJ_130",
            "OBJ_131",
            "OBJ_132",
            "OBJ_133",
            "OBJ_134",
            "OBJ_135",
            "OBJ_136",
            "OBJ_137",
            "OBJ_138",
            "OBJ_139",
            "OBJ_140",
            "OBJ_141",
            "OBJ_142"
         );
         name = "B";
         path = "B";
         sourceTree = "<group>";
      };
      "OBJ_7" = {
         isa = "PBXGroup";
         children = (
            "OBJ_8"
         );
         name = "Sources";
         path = "";
         sourceTree = "SOURCE_ROOT";
      };
      "OBJ_70" = {
         isa = "PBXFileReference";
         path = "CollectByCount.swift";
         sourceTree = "<group>";
      };
      "OBJ_71" = {
         isa = "PBXGroup";
         children = (
            "OBJ_72",
            "OBJ_73",
            "OBJ_74",
            "OBJ_75",
            "OBJ_76",
            "OBJ_77",
            "OBJ_78",
            "OBJ_79",
            "OBJ_80",
            "OBJ_81",
            "OBJ_82",
            "OBJ_83",
            "OBJ_84",
            "OBJ_85",
            "OBJ_86",
            "OBJ_87",
            "OBJ_88",
            "OBJ_89",
            "OBJ_90",
            "OBJ_91",
            "OBJ_92",
            "OBJ_93",
            "OBJ_94",
            "OBJ_95",
            "OBJ_96",
            "OBJ_97",
            "OBJ_98",
            "OBJ_99",
            "OBJ_100",
            "OBJ_101",
            "OBJ_102",
            "OBJ_103",
            "OBJ_104",
            "OBJ_105",
            "OBJ_106",
            "OBJ_107"
         );
         name = "Combined";
         path = "Combined";
         sourceTree = "<group>";
      };
      "OBJ_72" = {
         isa = "PBXFileReference";
         path = "AllSatisfy.swift";
         sourceTree = "<group>";
      };
      "OBJ_73" = {
         isa = "PBXFileReference";
         path = "AssertNoFailure.swift";
         sourceTree = "<group>";
      };
      "OBJ_74" = {
         isa = "PBXFileReference";
         path = "Catch.swift";
         sourceTree = "<group>";
      };
      "OBJ_75" = {
         isa = "PBXFileReference";
         path = "Collect.swift";
         sourceTree = "<group>";
      };
      "OBJ_76" = {
         isa = "PBXFileReference";
         path = "CombineLatest+.swift";
         sourceTree = "<group>";
      };
      "OBJ_77" = {
         isa = "PBXFileReference";
         path = "CompactMap.swift";
         sourceTree = "<group>";
      };
      "OBJ_78" = {
         isa = "PBXFileReference";
         path = "Comparison.swift";
         sourceTree = "<group>";
      };
      "OBJ_79" = {
         isa = "PBXFileReference";
         path = "Contains.swift";
         sourceTree = "<group>";
      };
      "OBJ_8" = {
         isa = "PBXGroup";
         children = (
            "OBJ_9",
            "OBJ_10"
         );
         name = "CXExtensions";
         path = "Sources/CXExtensions";
         sourceTree = "SOURCE_ROOT";
      };
      "OBJ_80" = {
         isa = "PBXFileReference";
         path = "ContainsWhere.swift";
         sourceTree = "<group>";
      };
      "OBJ_81" = {
         isa = "PBXFileReference";
         path = "Count.swift";
         sourceTree = "<group>";
      };
      "OBJ_82" = {
         isa = "PBXFileReference";
         path = "Decode.swift";
         sourceTree = "<group>";
      };
      "OBJ_83" = {
         isa = "PBXFileReference";
         path = "Drop.swift";
         sourceTree = "<group>";
      };
      "OBJ_84" = {
         isa = "PBXFileReference";
         path = "DropWhile.swift";
         sourceTree = "<group>";
      };
      "OBJ_85" = {
         isa = "PBXFileReference";
         path = "Encode.swift";
         sourceTree = "<group>";
      };
      "OBJ_86" = {
         isa = "PBXFileReference";
         path = "Filter.swift";
         sourceTree = "<group>";
      };
      "OBJ_87" = {
         isa = "PBXFileReference";
         path = "First.swift";
         sourceTree = "<group>";
      };
      "OBJ_88" = {
         isa = "PBXFileReference";
         path = "FirstWhere.swift";
         sourceTree = "<group>";
      };
      "OBJ_89" = {
         isa = "PBXFileReference";
         path = "IgnoreOutput.swift";
         sourceTree = "<group>";
      };
      "OBJ_9" = {
         isa = "PBXFileReference";
         path = "DelayedAutoCancellable.swift";
         sourceTree = "<group>";
      };
      "OBJ_90" = {
         isa = "PBXFileReference";
         path = "Last.swift";
         sourceTree = "<group>";
      };
      "OBJ_91" = {
         isa = "PBXFileReference";
         path = "LastWhere.swift";
         sourceTree = "<group>";
      };
      "OBJ_92" = {
         isa = "PBXFileReference";
         path = "Map.swift";
         sourceTree = "<group>";
      };
      "OBJ_93" = {
         isa = "PBXFileReference";
         path = "MapKeyPath.swift";
         sourceTree = "<group>";
      };
      "OBJ_94" = {
         isa = "PBXFileReference";
         path = "Merge+.swift";
         sourceTree = "<group>";
      };
      "OBJ_95" = {
         isa = "PBXFileReference";
         path = "PrefixWhile.swift";
         sourceTree = "<group>";
      };
      "OBJ_96" = {
         isa = "PBXFileReference";
         path = "Reduce.swift";
         sourceTree = "<group>";
      };
      "OBJ_97" = {
         isa = "PBXFileReference";
         path = "RemoveDuplicates.swift";
         sourceTree = "<group>";
      };
      "OBJ_98" = {
         isa = "PBXFileReference";
         path = "Retry.swift";
         sourceTree = "<group>";
      };
      "OBJ_99" = {
         isa = "PBXFileReference";
         path = "Scan.swift";
         sourceTree = "<group>";
      };
   };
   rootObject = "OBJ_1";
}
